
Microsoft Visual Studio Solution File, Format Version 12.00
# Visual Studio 2013
VisualStudioVersion = 12.0.30110.0
MinimumVisualStudioVersion = 10.0.40219.1
Project("{FAE04EC0-301F-11D3-BF4B-00C04F79EFBC}") = "SqlCommandBuilder", "5-Complete\SqlCommandBuilder\SqlCommandBuilder.csproj", "{E6EE9846-15BD-4447-8E29-FE35F9F60C08}"
EndProject
Project("{FAE04EC0-301F-11D3-BF4B-00C04F79EFBC}") = "SqlCommandBuilder.Dynamic", "5-Complete\SqlCommandBuilder.Dynamic\SqlCommandBuilder.Dynamic.csproj", "{856BB13D-6C2A-430E-8699-F9762A3E8961}"
EndProject
Project("{FAE04EC0-301F-11D3-BF4B-00C04F79EFBC}") = "SqlCommandBuilder.Tests", "5-Complete\SqlCommandBuilder.Tests\SqlCommandBuilder.Tests.csproj", "{6B82A308-DB91-4834-B55D-A03AAF92FD2B}"
EndProject
Project("{FAE04EC0-301F-11D3-BF4B-00C04F79EFBC}") = "SqlCommandBuilder.Tests.WinPhone", "5-Complete\SqlCommandBuilder.Tests.WinPhone\SqlCommandBuilder.Tests.WinPhone.csproj", "{155FB5F0-0FBF-458A-ADEE-B128754B7C70}"
EndProject
Project("{2150E333-8FDC-42A3-9474-1A3956D46DE8}") = ".nuget", ".nuget", "{85E9A775-DA99-4597-97C8-FEADA6BA2A11}"
	ProjectSection(SolutionItems) = preProject
		.nuget\NuGet.Config = .nuget\NuGet.Config
		.nuget\NuGet.exe = .nuget\NuGet.exe
		.nuget\NuGet.targets = .nuget\NuGet.targets
	EndProjectSection
EndProject
Project("{FAE04EC0-301F-11D3-BF4B-00C04F79EFBC}") = "SqlCommandBuilder.Tests.Android", "5-Complete\SqlCommandBuilder.Tests.Android\SqlCommandBuilder.Tests.Android.csproj", "{82DBE17F-914A-4EA9-97EB-990DCFDA3524}"
EndProject
Global
	GlobalSection(SolutionConfigurationPlatforms) = preSolution
		Debug|Any CPU = Debug|Any CPU
		Debug|ARM = Debug|ARM
		Debug|Mixed Platforms = Debug|Mixed Platforms
		Debug|x86 = Debug|x86
		Release|Any CPU = Release|Any CPU
		Release|ARM = Release|ARM
		Release|Mixed Platforms = Release|Mixed Platforms
		Release|x86 = Release|x86
	EndGlobalSection
	GlobalSection(ProjectConfigurationPlatforms) = postSolution
		{E6EE9846-15BD-4447-8E29-FE35F9F60C08}.Debug|Any CPU.ActiveCfg = Debug|Any CPU
		{E6EE9846-15BD-4447-8E29-FE35F9F60C08}.Debug|Any CPU.Build.0 = Debug|Any CPU
		{E6EE9846-15BD-4447-8E29-FE35F9F60C08}.Debug|ARM.ActiveCfg = Debug|Any CPU
		{E6EE9846-15BD-4447-8E29-FE35F9F60C08}.Debug|Mixed Platforms.ActiveCfg = Debug|Any CPU
		{E6EE9846-15BD-4447-8E29-FE35F9F60C08}.Debug|Mixed Platforms.Build.0 = Debug|Any CPU
		{E6EE9846-15BD-4447-8E29-FE35F9F60C08}.Debug|x86.ActiveCfg = Debug|Any CPU
		{E6EE9846-15BD-4447-8E29-FE35F9F60C08}.Release|Any CPU.ActiveCfg = Release|Any CPU
		{E6EE9846-15BD-4447-8E29-FE35F9F60C08}.Release|Any CPU.Build.0 = Release|Any CPU
		{E6EE9846-15BD-4447-8E29-FE35F9F60C08}.Release|ARM.ActiveCfg = Release|Any CPU
		{E6EE9846-15BD-4447-8E29-FE35F9F60C08}.Release|Mixed Platforms.ActiveCfg = Release|Any CPU
		{E6EE9846-15BD-4447-8E29-FE35F9F60C08}.Release|Mixed Platforms.Build.0 = Release|Any CPU
		{E6EE9846-15BD-4447-8E29-FE35F9F60C08}.Release|x86.ActiveCfg = Release|Any CPU
		{856BB13D-6C2A-430E-8699-F9762A3E8961}.Debug|Any CPU.ActiveCfg = Debug|Any CPU
		{856BB13D-6C2A-430E-8699-F9762A3E8961}.Debug|Any CPU.Build.0 = Debug|Any CPU
		{856BB13D-6C2A-430E-8699-F9762A3E8961}.Debug|ARM.ActiveCfg = Debug|Any CPU
		{856BB13D-6C2A-430E-8699-F9762A3E8961}.Debug|Mixed Platforms.ActiveCfg = Debug|Any CPU
		{856BB13D-6C2A-430E-8699-F9762A3E8961}.Debug|Mixed Platforms.Build.0 = Debug|Any CPU
		{856BB13D-6C2A-430E-8699-F9762A3E8961}.Debug|x86.ActiveCfg = Debug|Any CPU
		{856BB13D-6C2A-430E-8699-F9762A3E8961}.Release|Any CPU.ActiveCfg = Release|Any CPU
		{856BB13D-6C2A-430E-8699-F9762A3E8961}.Release|Any CPU.Build.0 = Release|Any CPU
		{856BB13D-6C2A-430E-8699-F9762A3E8961}.Release|ARM.ActiveCfg = Release|Any CPU
		{856BB13D-6C2A-430E-8699-F9762A3E8961}.Release|Mixed Platforms.ActiveCfg = Release|Any CPU
		{856BB13D-6C2A-430E-8699-F9762A3E8961}.Release|Mixed Platforms.Build.0 = Release|Any CPU
		{856BB13D-6C2A-430E-8699-F9762A3E8961}.Release|x86.ActiveCfg = Release|Any CPU
		{6B82A308-DB91-4834-B55D-A03AAF92FD2B}.Debug|Any CPU.ActiveCfg = Debug|Any CPU
		{6B82A308-DB91-4834-B55D-A03AAF92FD2B}.Debug|Any CPU.Build.0 = Debug|Any CPU
		{6B82A308-DB91-4834-B55D-A03AAF92FD2B}.Debug|ARM.ActiveCfg = Debug|Any CPU
		{6B82A308-DB91-4834-B55D-A03AAF92FD2B}.Debug|Mixed Platforms.ActiveCfg = Debug|Any CPU
		{6B82A308-DB91-4834-B55D-A03AAF92FD2B}.Debug|Mixed Platforms.Build.0 = Debug|Any CPU
		{6B82A308-DB91-4834-B55D-A03AAF92FD2B}.Debug|x86.ActiveCfg = Debug|Any CPU
		{6B82A308-DB91-4834-B55D-A03AAF92FD2B}.Release|Any CPU.ActiveCfg = Release|Any CPU
		{6B82A308-DB91-4834-B55D-A03AAF92FD2B}.Release|Any CPU.Build.0 = Release|Any CPU
		{6B82A308-DB91-4834-B55D-A03AAF92FD2B}.Release|ARM.ActiveCfg = Release|Any CPU
		{6B82A308-DB91-4834-B55D-A03AAF92FD2B}.Release|Mixed Platforms.ActiveCfg = Release|Any CPU
		{6B82A308-DB91-4834-B55D-A03AAF92FD2B}.Release|Mixed Platforms.Build.0 = Release|Any CPU
		{6B82A308-DB91-4834-B55D-A03AAF92FD2B}.Release|x86.ActiveCfg = Release|Any CPU
		{155FB5F0-0FBF-458A-ADEE-B128754B7C70}.Debug|Any CPU.ActiveCfg = Debug|x86
		{155FB5F0-0FBF-458A-ADEE-B128754B7C70}.Debug|ARM.ActiveCfg = Debug|ARM
		{155FB5F0-0FBF-458A-ADEE-B128754B7C70}.Debug|ARM.Build.0 = Debug|ARM
		{155FB5F0-0FBF-458A-ADEE-B128754B7C70}.Debug|ARM.Deploy.0 = Debug|ARM
		{155FB5F0-0FBF-458A-ADEE-B128754B7C70}.Debug|Mixed Platforms.ActiveCfg = Debug|x86
		{155FB5F0-0FBF-458A-ADEE-B128754B7C70}.Debug|Mixed Platforms.Build.0 = Debug|x86
		{155FB5F0-0FBF-458A-ADEE-B128754B7C70}.Debug|Mixed Platforms.Deploy.0 = Debug|x86
		{155FB5F0-0FBF-458A-ADEE-B128754B7C70}.Debug|x86.ActiveCfg = Debug|x86
		{155FB5F0-0FBF-458A-ADEE-B128754B7C70}.Debug|x86.Build.0 = Debug|x86
		{155FB5F0-0FBF-458A-ADEE-B128754B7C70}.Debug|x86.Deploy.0 = Debug|x86
		{155FB5F0-0FBF-458A-ADEE-B128754B7C70}.Release|Any CPU.ActiveCfg = Release|x86
		{155FB5F0-0FBF-458A-ADEE-B128754B7C70}.Release|ARM.ActiveCfg = Release|ARM
		{155FB5F0-0FBF-458A-ADEE-B128754B7C70}.Release|ARM.Build.0 = Release|ARM
		{155FB5F0-0FBF-458A-ADEE-B128754B7C70}.Release|ARM.Deploy.0 = Release|ARM
		{155FB5F0-0FBF-458A-ADEE-B128754B7C70}.Release|Mixed Platforms.ActiveCfg = Release|x86
		{155FB5F0-0FBF-458A-ADEE-B128754B7C70}.Release|Mixed Platforms.Build.0 = Release|x86
		{155FB5F0-0FBF-458A-ADEE-B128754B7C70}.Release|Mixed Platforms.Deploy.0 = Release|x86
		{155FB5F0-0FBF-458A-ADEE-B128754B7C70}.Release|x86.ActiveCfg = Release|x86
		{155FB5F0-0FBF-458A-ADEE-B128754B7C70}.Release|x86.Build.0 = Release|x86
		{155FB5F0-0FBF-458A-ADEE-B128754B7C70}.Release|x86.Deploy.0 = Release|x86
		{82DBE17F-914A-4EA9-97EB-990DCFDA3524}.Debug|Any CPU.ActiveCfg = Debug|Any CPU
		{82DBE17F-914A-4EA9-97EB-990DCFDA3524}.Debug|Any CPU.Build.0 = Debug|Any CPU
		{82DBE17F-914A-4EA9-97EB-990DCFDA3524}.Debug|Any CPU.Deploy.0 = Debug|Any CPU
		{82DBE17F-914A-4EA9-97EB-990DCFDA3524}.Debug|ARM.ActiveCfg = Debug|Any CPU
		{82DBE17F-914A-4EA9-97EB-990DCFDA3524}.Debug|Mixed Platforms.ActiveCfg = Debug|Any CPU
		{82DBE17F-914A-4EA9-97EB-990DCFDA3524}.Debug|Mixed Platforms.Build.0 = Debug|Any CPU
		{82DBE17F-914A-4EA9-97EB-990DCFDA3524}.Debug|Mixed Platforms.Deploy.0 = Debug|Any CPU
		{82DBE17F-914A-4EA9-97EB-990DCFDA3524}.Debug|x86.ActiveCfg = Debug|Any CPU
		{82DBE17F-914A-4EA9-97EB-990DCFDA3524}.Release|Any CPU.ActiveCfg = Release|Any CPU
		{82DBE17F-914A-4EA9-97EB-990DCFDA3524}.Release|Any CPU.Build.0 = Release|Any CPU
		{82DBE17F-914A-4EA9-97EB-990DCFDA3524}.Release|Any CPU.Deploy.0 = Release|Any CPU
		{82DBE17F-914A-4EA9-97EB-990DCFDA3524}.Release|ARM.ActiveCfg = Release|Any CPU
		{82DBE17F-914A-4EA9-97EB-990DCFDA3524}.Release|Mixed Platforms.ActiveCfg = Release|Any CPU
		{82DBE17F-914A-4EA9-97EB-990DCFDA3524}.Release|Mixed Platforms.Build.0 = Release|Any CPU
		{82DBE17F-914A-4EA9-97EB-990DCFDA3524}.Release|Mixed Platforms.Deploy.0 = Release|Any CPU
		{82DBE17F-914A-4EA9-97EB-990DCFDA3524}.Release|x86.ActiveCfg = Release|Any CPU
	EndGlobalSection
	GlobalSection(SolutionProperties) = preSolution
		HideSolutionNode = FALSE
	EndGlobalSection
EndGlobal
